# THIS IS AN AUTOGENERATED FILE. DO NOT EDIT THIS FILE DIRECTLY.
# yarn lockfile v1


"@types/bun@latest":
  version "1.3.4"
  resolved "https://registry.yarnpkg.com/@types/bun/-/bun-1.3.4.tgz#9dd80641b88878d20ed0742f1593bba9a6b97514"
  integrity sha512-EEPTKXHP+zKGPkhRLv+HI0UEX8/o+65hqARxLy8Ov5rIxMBPNTjeZww00CIihrIQGEQBYg+0roO5qOnS/7boGA==
  dependencies:
    bun-types "1.3.4"

"@types/culori@^4.0.1":
  version "4.0.1"
  resolved "https://registry.yarnpkg.com/@types/culori/-/culori-4.0.1.tgz#39ed095e0ef7107342d9091b1707ae8fb8681297"
  integrity sha512-43M51r/22CjhbOXyGT361GZ9vncSVQ39u62x5eJdBQFviI8zWp2X5jzqg7k4M6PVgDQAClpy2bUe2dtwEgEDVQ==

"@types/node@*":
  version "24.10.2"
  resolved "https://registry.yarnpkg.com/@types/node/-/node-24.10.2.tgz#82a57476a19647d8f2c7750d0924788245e39b26"
  integrity sha512-WOhQTZ4G8xZ1tjJTvKOpyEVSGgOTvJAfDK3FNFgELyaTpzhdgHVHeqW8V+UJvzF5BT+/B54T/1S2K6gd9c7bbA==
  dependencies:
    undici-types "~7.16.0"

"@types/react-dom@^19":
  version "19.2.3"
  resolved "https://registry.yarnpkg.com/@types/react-dom/-/react-dom-19.2.3.tgz#c1e305d15a52a3e508d54dca770d202cb63abf2c"
  integrity sha512-jp2L/eY6fn+KgVVQAOqYItbF0VY/YApe5Mz2F0aykSO8gx31bYCZyvSeYxCHKvzHG5eZjc+zyaS5BrBWya2+kQ==

"@types/react@^19":
  version "19.2.7"
  resolved "https://registry.yarnpkg.com/@types/react/-/react-19.2.7.tgz#84e62c0f23e8e4e5ac2cadcea1ffeacccae7f62f"
  integrity sha512-MWtvHrGZLFttgeEj28VXHxpmwYbor/ATPYbBfSFZEIRK0ecCFLl2Qo55z52Hss+UV9CRN7trSeq1zbgx7YDWWg==
  dependencies:
    csstype "^3.2.2"

bun-plugin-tailwind@^0.1.2:
  version "0.1.2"
  resolved "https://registry.yarnpkg.com/bun-plugin-tailwind/-/bun-plugin-tailwind-0.1.2.tgz#a3d78a7fdb547cf2f8f40d7012ce260fe5e44eea"
  integrity sha512-41jNC1tZRSK3s1o7pTNrLuQG8kL/0vR/JgiTmZAJ1eHwe0w5j6HFPKeqEk0WAD13jfrUC7+ULuewFBBCoADPpg==

bun-types@1.3.4:
  version "1.3.4"
  resolved "https://registry.yarnpkg.com/bun-types/-/bun-types-1.3.4.tgz#7d767b4e39f991b20ccbc298632b32081c1621dc"
  integrity sha512-5ua817+BZPZOlNaRgGBpZJOSAQ9RQ17pkwPD0yR7CfJg+r8DgIILByFifDTa+IPDDxzf5VNhtNlcKqFzDgJvlQ==
  dependencies:
    "@types/node" "*"

csstype@^3.2.2:
  version "3.2.3"
  resolved "https://registry.yarnpkg.com/csstype/-/csstype-3.2.3.tgz#ec48c0f3e993e50648c86da559e2610995cf989a"
  integrity sha512-z1HGKcYy2xA8AGQfwrn0PAy+PB7X/GSj3UVJW9qKyn43xWa+gl5nXmU4qqLMRzWVLFC8KusUX8T/0kCiOYpAIQ==

culori@^4.0.2:
  version "4.0.2"
  resolved "https://registry.yarnpkg.com/culori/-/culori-4.0.2.tgz#fbb28dbeb8d13d0eeab7520191f74ab822a8ca71"
  integrity sha512-1+BhOB8ahCn4O0cep0Sh2l9KCOfOdY+BXJnKMHFFzDEouSr/el18QwXEMRlOj9UY5nCeA8UN3a/82rUWRBeyBw==

react-dom@^19:
  version "19.2.1"
  resolved "https://registry.yarnpkg.com/react-dom/-/react-dom-19.2.1.tgz#ce3527560bda4f997e47d10dab754825b3061f59"
  integrity sha512-ibrK8llX2a4eOskq1mXKu/TGZj9qzomO+sNfO98M6d9zIPOEhlBkMkBUBLd1vgS0gQsLDBzA+8jJBVXDnfHmJg==
  dependencies:
    scheduler "^0.27.0"

react@^19:
  version "19.2.1"
  resolved "https://registry.yarnpkg.com/react/-/react-19.2.1.tgz#8600fa205e58e2e807f6ef431c9f6492591a2700"
  integrity sha512-DGrYcCWK7tvYMnWh79yrPHt+vdx9tY+1gPZa7nJQtO/p8bLTDaHp4dzwEhQB7pZ4Xe3ok4XKuEPrVuc+wlpkmw==

scheduler@^0.27.0:
  version "0.27.0"
  resolved "https://registry.yarnpkg.com/scheduler/-/scheduler-0.27.0.tgz#0c4ef82d67d1e5c1e359e8fc76d3a87f045fe5bd"
  integrity sha512-eNv+WrVbKu1f3vbYJT/xtiF5syA5HPIMtf9IgY/nKg0sWqzAUEvqY/xm7OcZc/qafLx/iO9FgOmeSAp4v5ti/Q==

tailwindcss@^4.1.11:
  version "4.1.17"
  resolved "https://registry.yarnpkg.com/tailwindcss/-/tailwindcss-4.1.17.tgz#e6dcb7a9c60cef7522169b5f207ffec2fd652286"
  integrity sha512-j9Ee2YjuQqYT9bbRTfTZht9W/ytp5H+jJpZKiYdP/bpnXARAuELt9ofP0lPnmHjbga7SNQIxdTAXCmtKVYjN+Q==

undici-types@~7.16.0:
  version "7.16.0"
  resolved "https://registry.yarnpkg.com/undici-types/-/undici-types-7.16.0.tgz#ffccdff36aea4884cbfce9a750a0580224f58a46"
  integrity sha512-Zz+aZWSj8LE6zoxD+xrjh4VfkIG8Ya6LvYkZqtUQGJPZjYl53ypCaUwWqo7eI0x66KBGeRo+mlBEkMSeSZ38Nw==
